<?xml version="1.0" encoding="utf-8"?>
<Project ToolsVersion="4.0" xmlns="http://schemas.microsoft.com/developer/msbuild/2003">
  <ItemGroup>
    <Filter Include="Source Files">
      <UniqueIdentifier>{4FC737F1-C7A5-4376-A066-2A32D752A2FF}</UniqueIdentifier>
      <Extensions>cpp;c;cc;cxx;def;odl;idl;hpj;bat;asm;asmx</Extensions>
    </Filter>
    <Filter Include="Header Files">
      <UniqueIdentifier>{93995380-89BD-4b04-88EB-625FBE52EBFB}</UniqueIdentifier>
      <Extensions>h;hh;hpp;hxx;hm;inl;inc;xsd</Extensions>
    </Filter>
    <Filter Include="Resource Files">
      <UniqueIdentifier>{67DA6AB6-F800-4c08-8B7A-83BB121AAD01}</UniqueIdentifier>
      <Extensions>rc;ico;cur;bmp;dlg;rc2;rct;bin;rgs;gif;jpg;jpeg;jpe;resx;tiff;tif;png;wav</Extensions>
    </Filter>
  </ItemGroup>
  <ItemGroup>
    <ClCompile Include="src\main.cpp">
      <Filter>Source Files</Filter>
    </ClCompile>
    <ClCompile Include="src\main_menu_state.cpp">
      <Filter>Source Files</Filter>
    </ClCompile>
    <ClCompile Include="src\music.cpp">
      <Filter>Source Files</Filter>
    </ClCompile>
    <ClCompile Include="src\pause_menu_state.cpp">
      <Filter>Source Files</Filter>
    </ClCompile>
    <ClCompile Include="src\sound.cpp">
      <Filter>Source Files</Filter>
    </ClCompile>
    <ClCompile Include="src\state_engine.cpp">
      <Filter>Source Files</Filter>
    </ClCompile>
    <ClCompile Include="src\game_state.cpp">
      <Filter>Source Files</Filter>
    </ClCompile>
    <ClCompile Include="src\utils\id_gen.cpp">
      <Filter>Source Files</Filter>
    </ClCompile>
    <ClCompile Include="src\core\entity_manager.h">
      <Filter>Source Files</Filter>
    </ClCompile>
    <ClCompile Include="src\core\allocators\pool_allocator.cpp">
      <Filter>Source Files</Filter>
    </ClCompile>
    <ClCompile Include="src\core\allocators\linear_allocator.cpp">
      <Filter>Source Files</Filter>
    </ClCompile>
    <ClCompile Include="src\core\allocators\stack_allocator.cpp">
      <Filter>Source Files</Filter>
    </ClCompile>
    <ClCompile Include="src\core\memory_manager.cpp">
      <Filter>Source Files</Filter>
    </ClCompile>
    <ClCompile Include="src\core\allocators\freelist_allocator.cpp">
      <Filter>Source Files</Filter>
    </ClCompile>
    <ClCompile Include="src\utils\data_structures\int_list.c">
      <Filter>Source Files</Filter>
    </ClCompile>
    <ClCompile Include="src\utils\data_structures\quadtree.c">
      <Filter>Source Files</Filter>
    </ClCompile>
    <ClCompile Include="src\utils\util_functions.cpp">
      <Filter>Source Files</Filter>
    </ClCompile>
    <ClCompile Include="src\entities\entity_player.cpp">
      <Filter>Source Files</Filter>
    </ClCompile>
    <ClCompile Include="src\core\entity_manager.cpp">
      <Filter>Source Files</Filter>
    </ClCompile>
    <ClCompile Include="src\entities\entity_circle.cpp">
      <Filter>Source Files</Filter>
    </ClCompile>
  </ItemGroup>
  <ItemGroup>
    <ClInclude Include="src\g_states.h">
      <Filter>Header Files</Filter>
    </ClInclude>
    <ClInclude Include="src\main_menu_state.h">
      <Filter>Header Files</Filter>
    </ClInclude>
    <ClInclude Include="src\music.h">
      <Filter>Header Files</Filter>
    </ClInclude>
    <ClInclude Include="src\pause_menu_state.h">
      <Filter>Header Files</Filter>
    </ClInclude>
    <ClInclude Include="src\sound.h">
      <Filter>Header Files</Filter>
    </ClInclude>
    <ClInclude Include="src\state_engine.h">
      <Filter>Header Files</Filter>
    </ClInclude>
    <ClInclude Include="src\game_state.h">
      <Filter>Header Files</Filter>
    </ClInclude>
    <ClInclude Include="src\utils\id_gen.h">
      <Filter>Header Files</Filter>
    </ClInclude>
    <ClInclude Include="src\entities\entity_circle.h">
      <Filter>Header Files</Filter>
    </ClInclude>
    <ClInclude Include="src\core\entity.h">
      <Filter>Header Files</Filter>
    </ClInclude>
    <ClInclude Include="src\core\allocators\pool_allocator.h">
      <Filter>Header Files</Filter>
    </ClInclude>
    <ClInclude Include="src\core\core.h">
      <Filter>Header Files</Filter>
    </ClInclude>
    <ClInclude Include="src\core\allocators\allocator.h">
      <Filter>Header Files</Filter>
    </ClInclude>
    <ClInclude Include="src\core\allocators\linear_allocator.h">
      <Filter>Header Files</Filter>
    </ClInclude>
    <ClInclude Include="src\core\allocators\stack_allocator.h">
      <Filter>Header Files</Filter>
    </ClInclude>
    <ClInclude Include="src\core\allocators\freelist_allocator.h">
      <Filter>Header Files</Filter>
    </ClInclude>
    <ClInclude Include="src\core\memory_manager.h">
      <Filter>Header Files</Filter>
    </ClInclude>
    <ClInclude Include="src\utils\data_structures\stack_linked_list.h">
      <Filter>Header Files</Filter>
    </ClInclude>
    <ClInclude Include="src\utils\data_structures\singly_linked_list.h">
      <Filter>Header Files</Filter>
    </ClInclude>
    <ClInclude Include="src\utils\data_structures\red_black_tree.h">
      <Filter>Header Files</Filter>
    </ClInclude>
    <ClInclude Include="src\globals.h">
      <Filter>Header Files</Filter>
    </ClInclude>
    <ClInclude Include="src\utils\util_functions.h">
      <Filter>Header Files</Filter>
    </ClInclude>
    <ClInclude Include="src\utils\data_structures\spatial_hash.h">
      <Filter>Header Files</Filter>
    </ClInclude>
    <ClInclude Include="src\utils\data_structures\OLD_quadtree.h">
      <Filter>Header Files</Filter>
    </ClInclude>
    <ClInclude Include="src\utils\data_structures\int_list.h">
      <Filter>Header Files</Filter>
    </ClInclude>
    <ClInclude Include="src\utils\data_structures\quadtree.h">
      <Filter>Header Files</Filter>
    </ClInclude>
    <ClInclude Include="src\entities\camera.h">
      <Filter>Header Files</Filter>
    </ClInclude>
    <ClInclude Include="src\entities\entity_rectangle.h">
      <Filter>Header Files</Filter>
    </ClInclude>
    <ClInclude Include="src\entities\entity_player.h">
      <Filter>Header Files</Filter>
    </ClInclude>
    <ClInclude Include="src\utils\math_functions.h">
      <Filter>Header Files</Filter>
    </ClInclude>
  </ItemGroup>
</Project>